
Microsoft Visual Studio Solution File, Format Version 12.00
# Visual Studio Version 16
VisualStudioVersion = 16.0.29519.181
MinimumVisualStudioVersion = 10.0.40219.1
Project("{FAE04EC0-301F-11D3-BF4B-00C04F79EFBC}") = "QualityTest", "QualityTest\QualityTest.csproj", "{18220A13-F4A6-4FD2-951B-2038B8B74F21}"
EndProject
Global
	GlobalSection(SolutionConfigurationPlatforms) = preSolution
		Debug|Any CPU = Debug|Any CPU
		Release|Any CPU = Release|Any CPU
	EndGlobalSection
	GlobalSection(ProjectConfigurationPlatforms) = postSolution
		{18220A13-F4A6-4FD2-951B-2038B8B74F21}.Debug|Any CPU.ActiveCfg = Debug|Any CPU
		{18220A13-F4A6-4FD2-951B-2038B8B74F21}.Debug|Any CPU.Build.0 = Debug|Any CPU
		{18220A13-F4A6-4FD2-951B-2038B8B74F21}.Release|Any CPU.ActiveCfg = Release|Any CPU
		{18220A13-F4A6-4FD2-951B-2038B8B74F21}.Release|Any CPU.Build.0 = Release|Any CPU
	EndGlobalSection
	GlobalSection(SolutionProperties) = preSolution
		HideSolutionNode = FALSE
	EndGlobalSection
	GlobalSection(ExtensibilityGlobals) = postSolution
		SolutionGuid = {F7749833-3694-4BCC-99DD-76B56875C8F3}
	EndGlobalSection
EndGlobal
